
Microsoft Visual Studio Solution File, Format Version 12.00
# Visual Studio 15
VisualStudioVersion = 15.0.27703.2035
MinimumVisualStudioVersion = 10.0.40219.1
Project("{FAE04EC0-301F-11D3-BF4B-00C04F79EFBC}") = "TopLearn.Web", "TopLearn.Web\TopLearn.Web.csproj", "{D794949E-1A2B-4040-B812-982D18986B33}"
EndProject
Project("{FAE04EC0-301F-11D3-BF4B-00C04F79EFBC}") = "TopLearn.DataLayer", "TopLearn.DataLayer\TopLearn.DataLayer.csproj", "{99051F4C-F623-4DD5-B89C-D5E8C557F640}"
EndProject
Project("{FAE04EC0-301F-11D3-BF4B-00C04F79EFBC}") = "TopLearn.Core", "TopLearn.Core\TopLearn.Core.csproj", "{C983AA2D-5E50-46A5-B0AB-FEFB9A239F7C}"
EndProject
Global
	GlobalSection(SolutionConfigurationPlatforms) = preSolution
		Debug|Any CPU = Debug|Any CPU
		Release|Any CPU = Release|Any CPU
	EndGlobalSection
	GlobalSection(ProjectConfigurationPlatforms) = postSolution
		{D794949E-1A2B-4040-B812-982D18986B33}.Debug|Any CPU.ActiveCfg = Debug|Any CPU
		{D794949E-1A2B-4040-B812-982D18986B33}.Debug|Any CPU.Build.0 = Debug|Any CPU
		{D794949E-1A2B-4040-B812-982D18986B33}.Release|Any CPU.ActiveCfg = Release|Any CPU
		{D794949E-1A2B-4040-B812-982D18986B33}.Release|Any CPU.Build.0 = Release|Any CPU
		{99051F4C-F623-4DD5-B89C-D5E8C557F640}.Debug|Any CPU.ActiveCfg = Debug|Any CPU
		{99051F4C-F623-4DD5-B89C-D5E8C557F640}.Debug|Any CPU.Build.0 = Debug|Any CPU
		{99051F4C-F623-4DD5-B89C-D5E8C557F640}.Release|Any CPU.ActiveCfg = Release|Any CPU
		{99051F4C-F623-4DD5-B89C-D5E8C557F640}.Release|Any CPU.Build.0 = Release|Any CPU
		{C983AA2D-5E50-46A5-B0AB-FEFB9A239F7C}.Debug|Any CPU.ActiveCfg = Debug|Any CPU
		{C983AA2D-5E50-46A5-B0AB-FEFB9A239F7C}.Debug|Any CPU.Build.0 = Debug|Any CPU
		{C983AA2D-5E50-46A5-B0AB-FEFB9A239F7C}.Release|Any CPU.ActiveCfg = Release|Any CPU
		{C983AA2D-5E50-46A5-B0AB-FEFB9A239F7C}.Release|Any CPU.Build.0 = Release|Any CPU
	EndGlobalSection
	GlobalSection(SolutionProperties) = preSolution
		HideSolutionNode = FALSE
	EndGlobalSection
	GlobalSection(ExtensibilityGlobals) = postSolution
		SolutionGuid = {4E4CACB6-1695-4289-9942-E1CF68165D1D}
	EndGlobalSection
EndGlobal
